// !$*UTF8*$!
{
	archiveVersion = 1;
	classes = {
	};
	objectVersion = 50;
	objects = {

/* Begin PBXBuildFile section */
		BAD4EBCB242679C900BF5CEA /* AppDelegate.swift in Sources */ = {isa = PBXBuildFile; fileRef = BAD4EBCA242679C900BF5CEA /* AppDelegate.swift */; };
		BAD4EBCD242679C900BF5CEA /* SceneDelegate.swift in Sources */ = {isa = PBXBuildFile; fileRef = BAD4EBCC242679C900BF5CEA /* SceneDelegate.swift */; };
		BAD4EBCF242679C900BF5CEA /* ViewController.swift in Sources */ = {isa = PBXBuildFile; fileRef = BAD4EBCE242679C900BF5CEA /* ViewController.swift */; };
		BAD4EBD2242679C900BF5CEA /* Main.storyboard in Resources */ = {isa = PBXBuildFile; fileRef = BAD4EBD0242679C900BF5CEA /* Main.storyboard */; };
		BAD4EBD4242679CA00BF5CEA /* Assets.xcassets in Resources */ = {isa = PBXBuildFile; fileRef = BAD4EBD3242679CA00BF5CEA /* Assets.xcassets */; };
		BAD4EBD7242679CA00BF5CEA /* LaunchScreen.storyboard in Resources */ = {isa = PBXBuildFile; fileRef = BAD4EBD5242679CA00BF5CEA /* LaunchScreen.storyboard */; };
/* End PBXBuildFile section */

/* Begin PBXFileReference section */
		BAD4EBC7242679C900BF5CEA /* ChenCodesDraggableView.app */ = {isa = PBXFileReference; explicitFileType = wrapper.application; includeInIndex = 0; path = ChenCodesDraggableView.app; sourceTree = BUILT_PRODUCTS_DIR; };
		BAD4EBCA242679C900BF5CEA /* AppDelegate.swift */ = {isa = PBXFileReference; lastKnownFileType = sourcecode.swift; path = AppDelegate.swift; sourceTree = "<group>"; };
		BAD4EBCC242679C900BF5CEA /* SceneDelegate.swift */ = {isa = PBXFileReference; lastKnownFileType = sourcecode.swift; path = SceneDelegate.swift; sourceTree = "<group>"; };
		BAD4EBCE242679C900BF5CEA /* ViewController.swift */ = {isa = PBXFileReference; lastKnownFileType = sourcecode.swift; path = ViewController.swift; sourceTree = "<group>"; };
		BAD4EBD1242679C900BF5CEA /* Base */ = {isa = PBXFileReference; lastKnownFileType = file.storyboard; name = Base; path = Base.lproj/Main.storyboard; sourceTree = "<group>"; };
		BAD4EBD3242679CA00BF5CEA /* Assets.xcassets */ = {isa = PBXFileReference; lastKnownFileType = folder.assetcatalog; path = Assets.xcassets; sourceTree = "<group>"; };
		BAD4EBD6242679CA00BF5CEA /* Base */ = {isa = PBXFileReference; lastKnownFileType = file.storyboard; name = Base; path = Base.lproj/LaunchScreen.storyboard; sourceTree = "<group>"; };
		BAD4EBD8242679CA00BF5CEA /* Info.plist */ = {isa = PBXFileReference; lastKnownFileType = text.plist.xml; path = Info.plist; sourceTree = "<group>"; };
/* End PBXFileReference section */

/* Begin PBXFrameworksBuildPhase section */
		BAD4EBC4242679C900BF5CEA /* Frameworks */ = {
			isa = PBXFrameworksBuildPhase;
			buildActionMask = 2147483647;
			files = (
			);
			runOnlyForDeploymentPostprocessing = 0;
		};
/* End PBXFrameworksBuildPhase section */

/* Begin PBXGroup section */
		BAD4EBBE242679C900BF5CEA = {
			isa = PBXGroup;
			children = (
				BAD4EBC9242679C900BF5CEA /* ChenCodesDraggableView */,
				BAD4EBC8242679C900BF5CEA /* Products */,
			);
			sourceTree = "<group>";
		};
		BAD4EBC8242679C900BF5CEA /* Products */ = {
			isa = PBXGroup;
			children = (
				BAD4EBC7242679C900BF5CEA /* ChenCodesDraggableView.app */,
			);
			name = Products;
			sourceTree = "<group>";
		};
		BAD4EBC9242679C900BF5CEA /* ChenCodesDraggableView */ = {
			isa = PBXGroup;
			children = (
				BAD4EBCA242679C900BF5CEA /* AppDelegate.swift */,
				BAD4EBCC242679C900BF5CEA /* SceneDelegate.swift */,
				BAD4EBCE242679C900BF5CEA /* ViewController.swift */,
				BAD4EBD0242679C900BF5CEA /* Main.storyboard */,
				BAD4EBD3242679CA00BF5CEA /* Assets.xcassets */,
				BAD4EBD5242679CA00BF5CEA /* LaunchScreen.storyboard */,
				BAD4EBD8242679CA00BF5CEA /* Info.plist */,
			);
			path = ChenCodesDraggableView;
			sourceTree = "<group>";
		};
/* End PBXGroup section */

/* Begin PBXNativeTarget section */
		BAD4EBC6242679C900BF5CEA /* ChenCodesDraggableView */ = {
			isa = PBXNativeTarget;
			buildConfigurationList = BAD4EBDB242679CA00BF5CEA /* Build configuration list for PBXNativeTarget "ChenCodesDraggableView" */;
			buildPhases = (
				BAD4EBC3242679C900BF5CEA /* Sources */,
				BAD4EBC4242679C900BF5CEA /* Frameworks */,
				BAD4EBC5242679C900BF5CEA /* Resources */,
			);
			buildRules = (
			);
			dependencies = (
			);
			name = ChenCodesDraggableView;
			productName = ChenCodesDraggableView;
			productReference = BAD4EBC7242679C900BF5CEA /* ChenCodesDraggableView.app */;
			productType = "com.apple.product-type.application";
		};
/* End PBXNativeTarget section */

/* Begin PBXProject section */
		BAD4EBBF242679C900BF5CEA /* Project object */ = {
			isa = PBXProject;
			attributes = {
				LastSwiftUpdateCheck = 1130;
				LastUpgradeCheck = 1130;
				ORGANIZATIONNAME = "Chen Codes";
				TargetAttributes = {
					BAD4EBC6242679C900BF5CEA = {
						CreatedOnToolsVersion = 11.3;
					};
				};
			};
			buildConfigurationList = BAD4EBC2242679C900BF5CEA /* Build configuration list for PBXProject "ChenCodesDraggableView" */;
			compatibilityVersion = "Xcode 9.3";
			developmentRegion = en;
			hasScannedForEncodings = 0;
			knownRegions = (
				en,
				Base,
			);
			mainGroup = BAD4EBBE242679C900BF5CEA;
			productRefGroup = BAD4EBC8242679C900BF5CEA /* Products */;
			projectDirPath = "";
			projectRoot = "";
			targets = (
				BAD4EBC6242679C900BF5CEA /* ChenCodesDraggableView */,
			);
		};
/* End PBXProject section */

/* Begin PBXResourcesBuildPhase section */
		BAD4EBC5242679C900BF5CEA /* Resources */ = {
			isa = PBXResourcesBuildPhase;
			buildActionMask = 2147483647;
			files = (
				BAD4EBD7242679CA00BF5CEA /* LaunchScreen.storyboard in Resources */,
				BAD4EBD4242679CA00BF5CEA /* Assets.xcassets in Resources */,
				BAD4EBD2242679C900BF5CEA /* Main.storyboard in Resources */,
			);
			runOnlyForDeploymentPostprocessing = 0;
		};
/* End PBXResourcesBuildPhase section */

/* Begin PBXSourcesBuildPhase section */
		BAD4EBC3242679C900BF5CEA /* Sources */ = {
			isa = PBXSourcesBuildPhase;
			buildActionMask = 2147483647;
			files = (
				BAD4EBCF242679C900BF5CEA /* ViewController.swift in Sources */,
				BAD4EBCB242679C900BF5CEA /* AppDelegate.swift in Sources */,
				BAD4EBCD242679C900BF5CEA /* SceneDelegate.swift in Sources */,
			);
			runOnlyForDeploymentPostprocessing = 0;
		};
/* End PBXSourcesBuildPhase section */

/* Begin PBXVariantGroup section */
		BAD4EBD0242679C900BF5CEA /* Main.storyboard */ = {
			isa = PBXVariantGroup;
			children = (
				BAD4EBD1242679C900BF5CEA /* Base */,
			);
			name = Main.storyboard;
			sourceTree = "<group>";
		};
		BAD4EBD5242679CA00BF5CEA /* LaunchScreen.storyboard */ = {
			isa = PBXVariantGroup;
			children = (
				BAD4EBD6242679CA00BF5CEA /* Base */,
			);
			name = LaunchScreen.storyboard;
			sourceTree = "<group>";
		};
/* End PBXVariantGroup section */

/* Begin XCBuildConfiguration section */
		BAD4EBD9242679CA00BF5CEA /* Debug */ = {
			isa = XCBuildConfiguration;
			buildSettings = {
				ALWAYS_SEARCH_USER_PATHS = NO;
				CLANG_ANALYZER_NONNULL = YES;
				CLANG_ANALYZER_NUMBER_OBJECT_CONVERSION = YES_AGGRESSIVE;
				CLANG_CXX_LANGUAGE_STANDARD = "gnu++14";
				CLANG_CXX_LIBRARY = "libc++";
				CLANG_ENABLE_MODULES = YES;
				CLANG_ENABLE_OBJC_ARC = YES;
				CLANG_ENABLE_OBJC_WEAK = YES;
				CLANG_WARN_BLOCK_CAPTURE_AUTORELEASING = YES;
				CLANG_WARN_BOOL_CONVERSION = YES;
				CLANG_WARN_COMMA = YES;
				CLANG_WARN_CONSTANT_CONVERSION = YES;
				CLANG_WARN_DEPRECATED_OBJC_IMPLEMENTATIONS = YES;
				CLANG_WARN_DIRECT_OBJC_ISA_USAGE = YES_ERROR;
				CLANG_WARN_DOCUMENTATION_COMMENTS = YES;
				CLANG_WARN_EMPTY_BODY = YES;
				CLANG_WARN_ENUM_CONVERSION = YES;
				CLANG_WARN_INFINITE_RECURSION = YES;
				CLANG_WARN_INT_CONVERSION = YES;
				CLANG_WARN_NON_LITERAL_NULL_CONVERSION = YES;
				CLANG_WARN_OBJC_IMPLICIT_RETAIN_SELF = YES;
				CLANG_WARN_OBJC_LITERAL_CONVERSION = YES;
				CLANG_WARN_OBJC_ROOT_CLASS = YES_ERROR;
				CLANG_WARN_RANGE_LOOP_ANALYSIS = YES;
				CLANG_WARN_STRICT_PROTOTYPES = YES;
				CLANG_WARN_SUSPICIOUS_MOVE = YES;
				CLANG_WARN_UNGUARDED_AVAILABILITY = YES_AGGRESSIVE;
				CLANG_WARN_UNREACHABLE_CODE = YES;
				CLANG_WARN__DUPLICATE_METHOD_MATCH = YES;
				COPY_PHASE_STRIP = NO;
				DEBUG_INFORMATION_FORMAT = dwarf;
				ENABLE_STRICT_OBJC_MSGSEND = YES;
				ENABLE_TESTABILITY = YES;
				GCC_C_LANGUAGE_STANDARD = gnu11;
				GCC_DYNAMIC_NO_PIC = NO;
				GCC_NO_COMMON_BLOCKS = YES;
				GCC_OPTIMIZATION_LEVEL = 0;
				GCC_PREPROCESSOR_DEFINITIONS = (
					"DEBUG=1",
					"$(inherited)",
				);
				GCC_WARN_64_TO_32_BIT_CONVERSION = YES;
				GCC_WARN_ABOUT_RETURN_TYPE = YES_ERROR;
				GCC_WARN_UNDECLARED_SELECTOR = YES;
				GCC_WARN_UNINITIALIZED_AUTOS = YES_AGGRESSIVE;
				GCC_WARN_UNUSED_FUNCTION = YES;
				GCC_WARN_UNUSED_VARIABLE = YES;
				IPHONEOS_DEPLOYMENT_TARGET = 13.2;
				MTL_ENABLE_DEBUG_INFO = INCLUDE_SOURCE;
				MTL_FAST_MATH = YES;
				ONLY_ACTIVE_ARCH = YES;
				SDKROOT = iphoneos;
				SWIFT_ACTIVE_COMPILATION_CONDITIONS = DEBUG;
				SWIFT_OPTIMIZATION_LEVEL = "-Onone";
			};
			name = Debug;
		};
		BAD4EBDA242679CA00BF5CEA /* Release */ = {
			isa = XCBuildConfiguration;
			buildSettings = {
				ALWAYS_SEARCH_USER_PATHS = NO;
				CLANG_ANALYZER_NONNULL = YES;
				CLANG_ANALYZER_NUMBER_OBJECT_CONVERSION = YES_AGGRESSIVE;
				CLANG_CXX_LANGUAGE_STANDARD = "gnu++14";
				CLANG_CXX_LIBRARY = "libc++";
				CLANG_ENABLE_MODULES = YES;
				CLANG_ENABLE_OBJC_ARC = YES;
				CLANG_ENABLE_OBJC_WEAK = YES;
				CLANG_WARN_BLOCK_CAPTURE_AUTORELEASING = YES;
				CLANG_WARN_BOOL_CONVERSION = YES;
				CLANG_WARN_COMMA = YES;
				CLANG_WARN_CONSTANT_CONVERSION = YES;
				CLANG_WARN_DEPRECATED_OBJC_IMPLEMENTATIONS = YES;
				CLANG_WARN_DIRECT_OBJC_ISA_USAGE = YES_ERROR;
				CLANG_WARN_DOCUMENTATION_COMMENTS = YES;
				CLANG_WARN_EMPTY_BODY = YES;
				CLANG_WARN_ENUM_CONVERSION = YES;
				CLANG_WARN_INFINITE_RECURSION = YES;
				CLANG_WARN_INT_CONVERSION = YES;
				CLANG_WARN_NON_LITERAL_NULL_CONVERSION = YES;
				CLANG_WARN_OBJC_IMPLICIT_RETAIN_SELF = YES;
				CLANG_WARN_OBJC_LITERAL_CONVERSION = YES;
				CLANG_WARN_OBJC_ROOT_CLASS = YES_ERROR;
				CLANG_WARN_RANGE_LOOP_ANALYSIS = YES;
				CLANG_WARN_STRICT_PROTOTYPES = YES;
				CLANG_WARN_SUSPICIOUS_MOVE = YES;
				CLANG_WARN_UNGUARDED_AVAILABILITY = YES_AGGRESSIVE;
				CLANG_WARN_UNREACHABLE_CODE = YES;
				CLANG_WARN__DUPLICATE_METHOD_MATCH = YES;
				COPY_PHASE_STRIP = NO;
				DEBUG_INFORMATION_FORMAT = "dwarf-with-dsym";
				ENABLE_NS_ASSERTIONS = NO;
				ENABLE_STRICT_OBJC_MSGSEND = YES;
				GCC_C_LANGUAGE_STANDARD = gnu11;
				GCC_NO_COMMON_BLOCKS = YES;
				GCC_WARN_64_TO_32_BIT_CONVERSION = YES;
				GCC_WARN_ABOUT_RETURN_TYPE = YES_ERROR;
				GCC_WARN_UNDECLARED_SELECTOR = YES;
				GCC_WARN_UNINITIALIZED_AUTOS = YES_AGGRESSIVE;
				GCC_WARN_UNUSED_FUNCTION = YES;
				GCC_WARN_UNUSED_VARIABLE = YES;
				IPHONEOS_DEPLOYMENT_TARGET = 13.2;
				MTL_ENABLE_DEBUG_INFO = NO;
				MTL_FAST_MATH = YES;
				SDKROOT = iphoneos;
				SWIFT_COMPILATION_MODE = wholemodule;
				SWIFT_OPTIMIZATION_LEVEL = "-O";
				VALIDATE_PRODUCT = YES;
			};
			name = Release;
		};
		BAD4EBDC242679CA00BF5CEA /* Debug */ = {
			isa = XCBuildConfiguration;
			buildSettings = {
				ASSETCATALOG_COMPILER_APPICON_NAME = AppIcon;
				CODE_SIGN_STYLE = Automatic;
				INFOPLIST_FILE = ChenCodesDraggableView/Info.plist;
				LD_RUNPATH_SEARCH_PATHS = (
					"$(inherited)",
					"@executable_path/Frameworks",
				);
				PRODUCT_BUNDLE_IDENTIFIER = com.ChenCodes.ChenCodesDraggableView;
				PRODUCT_NAME = "$(TARGET_NAME)";
				SWIFT_VERSION = 5.0;
				TARGETED_DEVICE_FAMILY = "1,2";
			};
			name = Debug;
		};
		BAD4EBDD242679CA00BF5CEA /* Release */ = {
			isa = XCBuildConfiguration;
			buildSettings = {
				ASSETCATALOG_COMPILER_APPICON_NAME = AppIcon;
				CODE_SIGN_STYLE = Automatic;
				INFOPLIST_FILE = ChenCodesDraggableView/Info.plist;
				LD_RUNPATH_SEARCH_PATHS = (
					"$(inherited)",
					"@executable_path/Frameworks",
				);
				PRODUCT_BUNDLE_IDENTIFIER = com.ChenCodes.ChenCodesDraggableView;
				PRODUCT_NAME = "$(TARGET_NAME)";
				SWIFT_VERSION = 5.0;
				TARGETED_DEVICE_FAMILY = "1,2";
			};
			name = Release;
		};
/* End XCBuildConfiguration section */

/* Begin XCConfigurationList section */
		BAD4EBC2242679C900BF5CEA /* Build configuration list for PBXProject "ChenCodesDraggableView" */ = {
			isa = XCConfigurationList;
			buildConfigurations = (
				BAD4EBD9242679CA00BF5CEA /* Debug */,
				BAD4EBDA242679CA00BF5CEA /* Release */,
			);
			defaultConfigurationIsVisible = 0;
			defaultConfigurationName = Release;
		};
		BAD4EBDB242679CA00BF5CEA /* Build configuration list for PBXNativeTarget "ChenCodesDraggableView" */ = {
			isa = XCConfigurationList;
			buildConfigurations = (
				BAD4EBDC242679CA00BF5CEA /* Debug */,
				BAD4EBDD242679CA00BF5CEA /* Release */,
			);
			defaultConfigurationIsVisible = 0;
			defaultConfigurationName = Release;
		};
/* End XCConfigurationList section */
	};
	rootObject = BAD4EBBF242679C900BF5CEA /* Project object */;
}
